// !$*UTF8*$!
{
	archiveVersion = 1;
	classes = {
	};
	objectVersion = 48;
	objects = {

/* Begin PBXBuildFile section */
		198464D21FA54B3E00CAA68C /* AppDelegate.swift in Sources */ = {isa = PBXBuildFile; fileRef = 198464D11FA54B3E00CAA68C /* AppDelegate.swift */; };
		198464D41FA54B3E00CAA68C /* ViewController.swift in Sources */ = {isa = PBXBuildFile; fileRef = 198464D31FA54B3E00CAA68C /* ViewController.swift */; };
		198464D71FA54B3E00CAA68C /* Main.storyboard in Resources */ = {isa = PBXBuildFile; fileRef = 198464D51FA54B3E00CAA68C /* Main.storyboard */; };
		198464D91FA54B3E00CAA68C /* Assets.xcassets in Resources */ = {isa = PBXBuildFile; fileRef = 198464D81FA54B3E00CAA68C /* Assets.xcassets */; };
		198464DC1FA54B3E00CAA68C /* LaunchScreen.storyboard in Resources */ = {isa = PBXBuildFile; fileRef = 198464DA1FA54B3E00CAA68C /* LaunchScreen.storyboard */; };
		198464E71FA54B3E00CAA68C /* CalculatorTests.swift in Sources */ = {isa = PBXBuildFile; fileRef = 198464E61FA54B3E00CAA68C /* CalculatorTests.swift */; };
		198464F21FA54B3E00CAA68C /* CalculatorUITests.swift in Sources */ = {isa = PBXBuildFile; fileRef = 198464F11FA54B3E00CAA68C /* CalculatorUITests.swift */; };
/* End PBXBuildFile section */

/* Begin PBXContainerItemProxy section */
		198464E31FA54B3E00CAA68C /* PBXContainerItemProxy */ = {
			isa = PBXContainerItemProxy;
			containerPortal = 198464C61FA54B3E00CAA68C /* Project object */;
			proxyType = 1;
			remoteGlobalIDString = 198464CD1FA54B3E00CAA68C;
			remoteInfo = Calculator;
		};
		198464EE1FA54B3E00CAA68C /* PBXContainerItemProxy */ = {
			isa = PBXContainerItemProxy;
			containerPortal = 198464C61FA54B3E00CAA68C /* Project object */;
			proxyType = 1;
			remoteGlobalIDString = 198464CD1FA54B3E00CAA68C;
			remoteInfo = Calculator;
		};
/* End PBXContainerItemProxy section */

/* Begin PBXFileReference section */
		198464CE1FA54B3E00CAA68C /* Calculator.app */ = {isa = PBXFileReference; explicitFileType = wrapper.application; includeInIndex = 0; path = Calculator.app; sourceTree = BUILT_PRODUCTS_DIR; };
		198464D11FA54B3E00CAA68C /* AppDelegate.swift */ = {isa = PBXFileReference; lastKnownFileType = sourcecode.swift; path = AppDelegate.swift; sourceTree = "<group>"; };
		198464D31FA54B3E00CAA68C /* ViewController.swift */ = {isa = PBXFileReference; lastKnownFileType = sourcecode.swift; path = ViewController.swift; sourceTree = "<group>"; };
		198464D61FA54B3E00CAA68C /* Base */ = {isa = PBXFileReference; lastKnownFileType = file.storyboard; name = Base; path = Base.lproj/Main.storyboard; sourceTree = "<group>"; };
		198464D81FA54B3E00CAA68C /* Assets.xcassets */ = {isa = PBXFileReference; lastKnownFileType = folder.assetcatalog; path = Assets.xcassets; sourceTree = "<group>"; };
		198464DB1FA54B3E00CAA68C /* Base */ = {isa = PBXFileReference; lastKnownFileType = file.storyboard; name = Base; path = Base.lproj/LaunchScreen.storyboard; sourceTree = "<group>"; };
		198464DD1FA54B3E00CAA68C /* Info.plist */ = {isa = PBXFileReference; lastKnownFileType = text.plist.xml; path = Info.plist; sourceTree = "<group>"; };
		198464E21FA54B3E00CAA68C /* CalculatorTests.xctest */ = {isa = PBXFileReference; explicitFileType = wrapper.cfbundle; includeInIndex = 0; path = CalculatorTests.xctest; sourceTree = BUILT_PRODUCTS_DIR; };
		198464E61FA54B3E00CAA68C /* CalculatorTests.swift */ = {isa = PBXFileReference; lastKnownFileType = sourcecode.swift; path = CalculatorTests.swift; sourceTree = "<group>"; };
		198464E81FA54B3E00CAA68C /* Info.plist */ = {isa = PBXFileReference; lastKnownFileType = text.plist.xml; path = Info.plist; sourceTree = "<group>"; };
		198464ED1FA54B3E00CAA68C /* CalculatorUITests.xctest */ = {isa = PBXFileReference; explicitFileType = wrapper.cfbundle; includeInIndex = 0; path = CalculatorUITests.xctest; sourceTree = BUILT_PRODUCTS_DIR; };
		198464F11FA54B3E00CAA68C /* CalculatorUITests.swift */ = {isa = PBXFileReference; lastKnownFileType = sourcecode.swift; path = CalculatorUITests.swift; sourceTree = "<group>"; };
		198464F31FA54B3E00CAA68C /* Info.plist */ = {isa = PBXFileReference; lastKnownFileType = text.plist.xml; path = Info.plist; sourceTree = "<group>"; };
/* End PBXFileReference section */

/* Begin PBXFrameworksBuildPhase section */
		198464CB1FA54B3E00CAA68C /* Frameworks */ = {
			isa = PBXFrameworksBuildPhase;
			buildActionMask = 2147483647;
			files = (
			);
			runOnlyForDeploymentPostprocessing = 0;
		};
		198464DF1FA54B3E00CAA68C /* Frameworks */ = {
			isa = PBXFrameworksBuildPhase;
			buildActionMask = 2147483647;
			files = (
			);
			runOnlyForDeploymentPostprocessing = 0;
		};
		198464EA1FA54B3E00CAA68C /* Frameworks */ = {
			isa = PBXFrameworksBuildPhase;
			buildActionMask = 2147483647;
			files = (
			);
			runOnlyForDeploymentPostprocessing = 0;
		};
/* End PBXFrameworksBuildPhase section */

/* Begin PBXGroup section */
		198464C51FA54B3E00CAA68C = {
			isa = PBXGroup;
			children = (
				198464D01FA54B3E00CAA68C /* Calculator */,
				198464E51FA54B3E00CAA68C /* CalculatorTests */,
				198464F01FA54B3E00CAA68C /* CalculatorUITests */,
				198464CF1FA54B3E00CAA68C /* Products */,
			);
			sourceTree = "<group>";
		};
		198464CF1FA54B3E00CAA68C /* Products */ = {
			isa = PBXGroup;
			children = (
				198464CE1FA54B3E00CAA68C /* Calculator.app */,
				198464E21FA54B3E00CAA68C /* CalculatorTests.xctest */,
				198464ED1FA54B3E00CAA68C /* CalculatorUITests.xctest */,
			);
			name = Products;
			sourceTree = "<group>";
		};
		198464D01FA54B3E00CAA68C /* Calculator */ = {
			isa = PBXGroup;
			children = (
				198464D11FA54B3E00CAA68C /* AppDelegate.swift */,
				198464D31FA54B3E00CAA68C /* ViewController.swift */,
				198464D51FA54B3E00CAA68C /* Main.storyboard */,
				198464D81FA54B3E00CAA68C /* Assets.xcassets */,
				198464DA1FA54B3E00CAA68C /* LaunchScreen.storyboard */,
				198464DD1FA54B3E00CAA68C /* Info.plist */,
			);
			path = Calculator;
			sourceTree = "<group>";
		};
		198464E51FA54B3E00CAA68C /* CalculatorTests */ = {
			isa = PBXGroup;
			children = (
				198464E61FA54B3E00CAA68C /* CalculatorTests.swift */,
				198464E81FA54B3E00CAA68C /* Info.plist */,
			);
			path = CalculatorTests;
			sourceTree = "<group>";
		};
		198464F01FA54B3E00CAA68C /* CalculatorUITests */ = {
			isa = PBXGroup;
			children = (
				198464F11FA54B3E00CAA68C /* CalculatorUITests.swift */,
				198464F31FA54B3E00CAA68C /* Info.plist */,
			);
			path = CalculatorUITests;
			sourceTree = "<group>";
		};
/* End PBXGroup section */

/* Begin PBXNativeTarget section */
		198464CD1FA54B3E00CAA68C /* Calculator */ = {
			isa = PBXNativeTarget;
			buildConfigurationList = 198464F61FA54B3E00CAA68C /* Build configuration list for PBXNativeTarget "Calculator" */;
			buildPhases = (
				198464CA1FA54B3E00CAA68C /* Sources */,
				198464CB1FA54B3E00CAA68C /* Frameworks */,
				198464CC1FA54B3E00CAA68C /* Resources */,
			);
			buildRules = (
			);
			dependencies = (
			);
			name = Calculator;
			productName = Calculator;
			productReference = 198464CE1FA54B3E00CAA68C /* Calculator.app */;
			productType = "com.apple.product-type.application";
		};
		198464E11FA54B3E00CAA68C /* CalculatorTests */ = {
			isa = PBXNativeTarget;
			buildConfigurationList = 198464F91FA54B3E00CAA68C /* Build configuration list for PBXNativeTarget "CalculatorTests" */;
			buildPhases = (
				198464DE1FA54B3E00CAA68C /* Sources */,
				198464DF1FA54B3E00CAA68C /* Frameworks */,
				198464E01FA54B3E00CAA68C /* Resources */,
			);
			buildRules = (
			);
			dependencies = (
				198464E41FA54B3E00CAA68C /* PBXTargetDependency */,
			);
			name = CalculatorTests;
			productName = CalculatorTests;
			productReference = 198464E21FA54B3E00CAA68C /* CalculatorTests.xctest */;
			productType = "com.apple.product-type.bundle.unit-test";
		};
		198464EC1FA54B3E00CAA68C /* CalculatorUITests */ = {
			isa = PBXNativeTarget;
			buildConfigurationList = 198464FC1FA54B3E00CAA68C /* Build configuration list for PBXNativeTarget "CalculatorUITests" */;
			buildPhases = (
				198464E91FA54B3E00CAA68C /* Sources */,
				198464EA1FA54B3E00CAA68C /* Frameworks */,
				198464EB1FA54B3E00CAA68C /* Resources */,
			);
			buildRules = (
			);
			dependencies = (
				198464EF1FA54B3E00CAA68C /* PBXTargetDependency */,
			);
			name = CalculatorUITests;
			productName = CalculatorUITests;
			productReference = 198464ED1FA54B3E00CAA68C /* CalculatorUITests.xctest */;
			productType = "com.apple.product-type.bundle.ui-testing";
		};
/* End PBXNativeTarget section */

/* Begin PBXProject section */
		198464C61FA54B3E00CAA68C /* Project object */ = {
			isa = PBXProject;
			attributes = {
				LastSwiftUpdateCheck = 0900;
				LastUpgradeCheck = 0900;
				ORGANIZATIONNAME = Johnny;
				TargetAttributes = {
					198464CD1FA54B3E00CAA68C = {
						CreatedOnToolsVersion = 9.0;
						ProvisioningStyle = Automatic;
					};
					198464E11FA54B3E00CAA68C = {
						CreatedOnToolsVersion = 9.0;
						ProvisioningStyle = Automatic;
						TestTargetID = 198464CD1FA54B3E00CAA68C;
					};
					198464EC1FA54B3E00CAA68C = {
						CreatedOnToolsVersion = 9.0;
						ProvisioningStyle = Automatic;
						TestTargetID = 198464CD1FA54B3E00CAA68C;
					};
				};
			};
			buildConfigurationList = 198464C91FA54B3E00CAA68C /* Build configuration list for PBXProject "Calculator" */;
			compatibilityVersion = "Xcode 8.0";
			developmentRegion = en;
			hasScannedForEncodings = 0;
			knownRegions = (
				en,
				Base,
			);
			mainGroup = 198464C51FA54B3E00CAA68C;
			productRefGroup = 198464CF1FA54B3E00CAA68C /* Products */;
			projectDirPath = "";
			projectRoot = "";
			targets = (
				198464CD1FA54B3E00CAA68C /* Calculator */,
				198464E11FA54B3E00CAA68C /* CalculatorTests */,
				198464EC1FA54B3E00CAA68C /* CalculatorUITests */,
			);
		};
/* End PBXProject section */

/* Begin PBXResourcesBuildPhase section */
		198464CC1FA54B3E00CAA68C /* Resources */ = {
			isa = PBXResourcesBuildPhase;
			buildActionMask = 2147483647;
			files = (
				198464DC1FA54B3E00CAA68C /* LaunchScreen.storyboard in Resources */,
				198464D91FA54B3E00CAA68C /* Assets.xcassets in Resources */,
				198464D71FA54B3E00CAA68C /* Main.storyboard in Resources */,
			);
			runOnlyForDeploymentPostprocessing = 0;
		};
		198464E01FA54B3E00CAA68C /* Resources */ = {
			isa = PBXResourcesBuildPhase;
			buildActionMask = 2147483647;
			files = (
			);
			runOnlyForDeploymentPostprocessing = 0;
		};
		198464EB1FA54B3E00CAA68C /* Resources */ = {
			isa = PBXResourcesBuildPhase;
			buildActionMask = 2147483647;
			files = (
			);
			runOnlyForDeploymentPostprocessing = 0;
		};
/* End PBXResourcesBuildPhase section */

/* Begin PBXSourcesBuildPhase section */
		198464CA1FA54B3E00CAA68C /* Sources */ = {
			isa = PBXSourcesBuildPhase;
			buildActionMask = 2147483647;
			files = (
				198464D41FA54B3E00CAA68C /* ViewController.swift in Sources */,
				198464D21FA54B3E00CAA68C /* AppDelegate.swift in Sources */,
			);
			runOnlyForDeploymentPostprocessing = 0;
		};
		198464DE1FA54B3E00CAA68C /* Sources */ = {
			isa = PBXSourcesBuildPhase;
			buildActionMask = 2147483647;
			files = (
				198464E71FA54B3E00CAA68C /* CalculatorTests.swift in Sources */,
			);
			runOnlyForDeploymentPostprocessing = 0;
		};
		198464E91FA54B3E00CAA68C /* Sources */ = {
			isa = PBXSourcesBuildPhase;
			buildActionMask = 2147483647;
			files = (
				198464F21FA54B3E00CAA68C /* CalculatorUITests.swift in Sources */,
			);
			runOnlyForDeploymentPostprocessing = 0;
		};
/* End PBXSourcesBuildPhase section */

/* Begin PBXTargetDependency section */
		198464E41FA54B3E00CAA68C /* PBXTargetDependency */ = {
			isa = PBXTargetDependency;
			target = 198464CD1FA54B3E00CAA68C /* Calculator */;
			targetProxy = 198464E31FA54B3E00CAA68C /* PBXContainerItemProxy */;
		};
		198464EF1FA54B3E00CAA68C /* PBXTargetDependency */ = {
			isa = PBXTargetDependency;
			target = 198464CD1FA54B3E00CAA68C /* Calculator */;
			targetProxy = 198464EE1FA54B3E00CAA68C /* PBXContainerItemProxy */;
		};
/* End PBXTargetDependency section */

/* Begin PBXVariantGroup section */
		198464D51FA54B3E00CAA68C /* Main.storyboard */ = {
			isa = PBXVariantGroup;
			children = (
				198464D61FA54B3E00CAA68C /* Base */,
			);
			name = Main.storyboard;
			sourceTree = "<group>";
		};
		198464DA1FA54B3E00CAA68C /* LaunchScreen.storyboard */ = {
			isa = PBXVariantGroup;
			children = (
				198464DB1FA54B3E00CAA68C /* Base */,
			);
			name = LaunchScreen.storyboard;
			sourceTree = "<group>";
		};
/* End PBXVariantGroup section */

/* Begin XCBuildConfiguration section */
		198464F41FA54B3E00CAA68C /* Debug */ = {
			isa = XCBuildConfiguration;
			buildSettings = {
				ALWAYS_SEARCH_USER_PATHS = NO;
				CLANG_ANALYZER_NONNULL = YES;
				CLANG_ANALYZER_NUMBER_OBJECT_CONVERSION = YES_AGGRESSIVE;
				CLANG_CXX_LANGUAGE_STANDARD = "gnu++14";
				CLANG_CXX_LIBRARY = "libc++";
				CLANG_ENABLE_MODULES = YES;
				CLANG_ENABLE_OBJC_ARC = YES;
				CLANG_WARN_BLOCK_CAPTURE_AUTORELEASING = YES;
				CLANG_WARN_BOOL_CONVERSION = YES;
				CLANG_WARN_COMMA = YES;
				CLANG_WARN_CONSTANT_CONVERSION = YES;
				CLANG_WARN_DIRECT_OBJC_ISA_USAGE = YES_ERROR;
				CLANG_WARN_DOCUMENTATION_COMMENTS = YES;
				CLANG_WARN_EMPTY_BODY = YES;
				CLANG_WARN_ENUM_CONVERSION = YES;
				CLANG_WARN_INFINITE_RECURSION = YES;
				CLANG_WARN_INT_CONVERSION = YES;
				CLANG_WARN_NON_LITERAL_NULL_CONVERSION = YES;
				CLANG_WARN_OBJC_LITERAL_CONVERSION = YES;
				CLANG_WARN_OBJC_ROOT_CLASS = YES_ERROR;
				CLANG_WARN_RANGE_LOOP_ANALYSIS = YES;
				CLANG_WARN_STRICT_PROTOTYPES = YES;
				CLANG_WARN_SUSPICIOUS_MOVE = YES;
				CLANG_WARN_UNGUARDED_AVAILABILITY = YES_AGGRESSIVE;
				CLANG_WARN_UNREACHABLE_CODE = YES;
				CLANG_WARN__DUPLICATE_METHOD_MATCH = YES;
				CODE_SIGN_IDENTITY = "iPhone Developer";
				COPY_PHASE_STRIP = NO;
				DEBUG_INFORMATION_FORMAT = dwarf;
				ENABLE_STRICT_OBJC_MSGSEND = YES;
				ENABLE_TESTABILITY = YES;
				GCC_C_LANGUAGE_STANDARD = gnu11;
				GCC_DYNAMIC_NO_PIC = NO;
				GCC_NO_COMMON_BLOCKS = YES;
				GCC_OPTIMIZATION_LEVEL = 0;
				GCC_PREPROCESSOR_DEFINITIONS = (
					"DEBUG=1",
					"$(inherited)",
				);
				GCC_WARN_64_TO_32_BIT_CONVERSION = YES;
				GCC_WARN_ABOUT_RETURN_TYPE = YES_ERROR;
				GCC_WARN_UNDECLARED_SELECTOR = YES;
				GCC_WARN_UNINITIALIZED_AUTOS = YES_AGGRESSIVE;
				GCC_WARN_UNUSED_FUNCTION = YES;
				GCC_WARN_UNUSED_VARIABLE = YES;
				IPHONEOS_DEPLOYMENT_TARGET = 11.0;
				MTL_ENABLE_DEBUG_INFO = YES;
				ONLY_ACTIVE_ARCH = YES;
				SDKROOT = iphoneos;
				SWIFT_ACTIVE_COMPILATION_CONDITIONS = DEBUG;
				SWIFT_OPTIMIZATION_LEVEL = "-Onone";
			};
			name = Debug;
		};
		198464F51FA54B3E00CAA68C /* Release */ = {
			isa = XCBuildConfiguration;
			buildSettings = {
				ALWAYS_SEARCH_USER_PATHS = NO;
				CLANG_ANALYZER_NONNULL = YES;
				CLANG_ANALYZER_NUMBER_OBJECT_CONVERSION = YES_AGGRESSIVE;
				CLANG_CXX_LANGUAGE_STANDARD = "gnu++14";
				CLANG_CXX_LIBRARY = "libc++";
				CLANG_ENABLE_MODULES = YES;
				CLANG_ENABLE_OBJC_ARC = YES;
				CLANG_WARN_BLOCK_CAPTURE_AUTORELEASING = YES;
				CLANG_WARN_BOOL_CONVERSION = YES;
				CLANG_WARN_COMMA = YES;
				CLANG_WARN_CONSTANT_CONVERSION = YES;
				CLANG_WARN_DIRECT_OBJC_ISA_USAGE = YES_ERROR;
				CLANG_WARN_DOCUMENTATION_COMMENTS = YES;
				CLANG_WARN_EMPTY_BODY = YES;
				CLANG_WARN_ENUM_CONVERSION = YES;
				CLANG_WARN_INFINITE_RECURSION = YES;
				CLANG_WARN_INT_CONVERSION = YES;
				CLANG_WARN_NON_LITERAL_NULL_CONVERSION = YES;
				CLANG_WARN_OBJC_LITERAL_CONVERSION = YES;
				CLANG_WARN_OBJC_ROOT_CLASS = YES_ERROR;
				CLANG_WARN_RANGE_LOOP_ANALYSIS = YES;
				CLANG_WARN_STRICT_PROTOTYPES = YES;
				CLANG_WARN_SUSPICIOUS_MOVE = YES;
				CLANG_WARN_UNGUARDED_AVAILABILITY = YES_AGGRESSIVE;
				CLANG_WARN_UNREACHABLE_CODE = YES;
				CLANG_WARN__DUPLICATE_METHOD_MATCH = YES;
				CODE_SIGN_IDENTITY = "iPhone Developer";
				COPY_PHASE_STRIP = NO;
				DEBUG_INFORMATION_FORMAT = "dwarf-with-dsym";
				ENABLE_NS_ASSERTIONS = NO;
				ENABLE_STRICT_OBJC_MSGSEND = YES;
				GCC_C_LANGUAGE_STANDARD = gnu11;
				GCC_NO_COMMON_BLOCKS = YES;
				GCC_WARN_64_TO_32_BIT_CONVERSION = YES;
				GCC_WARN_ABOUT_RETURN_TYPE = YES_ERROR;
				GCC_WARN_UNDECLARED_SELECTOR = YES;
				GCC_WARN_UNINITIALIZED_AUTOS = YES_AGGRESSIVE;
				GCC_WARN_UNUSED_FUNCTION = YES;
				GCC_WARN_UNUSED_VARIABLE = YES;
				IPHONEOS_DEPLOYMENT_TARGET = 11.0;
				MTL_ENABLE_DEBUG_INFO = NO;
				SDKROOT = iphoneos;
				SWIFT_OPTIMIZATION_LEVEL = "-Owholemodule";
				VALIDATE_PRODUCT = YES;
			};
			name = Release;
		};
		198464F71FA54B3E00CAA68C /* Debug */ = {
			isa = XCBuildConfiguration;
			buildSettings = {
				ASSETCATALOG_COMPILER_APPICON_NAME = AppIcon;
				CODE_SIGN_STYLE = Automatic;
				INFOPLIST_FILE = Calculator/Info.plist;
				LD_RUNPATH_SEARCH_PATHS = "$(inherited) @executable_path/Frameworks";
				PRODUCT_BUNDLE_IDENTIFIER = mctsai.Calculator;
				PRODUCT_NAME = "$(TARGET_NAME)";
				SWIFT_VERSION = 4.0;
				TARGETED_DEVICE_FAMILY = "1,2";
			};
			name = Debug;
		};
		198464F81FA54B3E00CAA68C /* Release */ = {
			isa = XCBuildConfiguration;
			buildSettings = {
				ASSETCATALOG_COMPILER_APPICON_NAME = AppIcon;
				CODE_SIGN_STYLE = Automatic;
				INFOPLIST_FILE = Calculator/Info.plist;
				LD_RUNPATH_SEARCH_PATHS = "$(inherited) @executable_path/Frameworks";
				PRODUCT_BUNDLE_IDENTIFIER = mctsai.Calculator;
				PRODUCT_NAME = "$(TARGET_NAME)";
				SWIFT_VERSION = 4.0;
				TARGETED_DEVICE_FAMILY = "1,2";
			};
			name = Release;
		};
		198464FA1FA54B3E00CAA68C /* Debug */ = {
			isa = XCBuildConfiguration;
			buildSettings = {
				ALWAYS_EMBED_SWIFT_STANDARD_LIBRARIES = YES;
				BUNDLE_LOADER = "$(TEST_HOST)";
				CODE_SIGN_STYLE = Automatic;
				INFOPLIST_FILE = CalculatorTests/Info.plist;
				LD_RUNPATH_SEARCH_PATHS = "$(inherited) @executable_path/Frameworks @loader_path/Frameworks";
				PRODUCT_BUNDLE_IDENTIFIER = mctsai.CalculatorTests;
				PRODUCT_NAME = "$(TARGET_NAME)";
				SWIFT_VERSION = 4.0;
				TARGETED_DEVICE_FAMILY = "1,2";
				TEST_HOST = "$(BUILT_PRODUCTS_DIR)/Calculator.app/Calculator";
			};
			name = Debug;
		};
		198464FB1FA54B3E00CAA68C /* Release */ = {
			isa = XCBuildConfiguration;
			buildSettings = {
				ALWAYS_EMBED_SWIFT_STANDARD_LIBRARIES = YES;
				BUNDLE_LOADER = "$(TEST_HOST)";
				CODE_SIGN_STYLE = Automatic;
				INFOPLIST_FILE = CalculatorTests/Info.plist;
				LD_RUNPATH_SEARCH_PATHS = "$(inherited) @executable_path/Frameworks @loader_path/Frameworks";
				PRODUCT_BUNDLE_IDENTIFIER = mctsai.CalculatorTests;
				PRODUCT_NAME = "$(TARGET_NAME)";
				SWIFT_VERSION = 4.0;
				TARGETED_DEVICE_FAMILY = "1,2";
				TEST_HOST = "$(BUILT_PRODUCTS_DIR)/Calculator.app/Calculator";
			};
			name = Release;
		};
		198464FD1FA54B3E00CAA68C /* Debug */ = {
			isa = XCBuildConfiguration;
			buildSettings = {
				ALWAYS_EMBED_SWIFT_STANDARD_LIBRARIES = YES;
				CODE_SIGN_STYLE = Automatic;
				INFOPLIST_FILE = CalculatorUITests/Info.plist;
				LD_RUNPATH_SEARCH_PATHS = "$(inherited) @executable_path/Frameworks @loader_path/Frameworks";
				PRODUCT_BUNDLE_IDENTIFIER = mctsai.CalculatorUITests;
				PRODUCT_NAME = "$(TARGET_NAME)";
				SWIFT_VERSION = 4.0;
				TARGETED_DEVICE_FAMILY = "1,2";
				TEST_TARGET_NAME = Calculator;
			};
			name = Debug;
		};
		198464FE1FA54B3E00CAA68C /* Release */ = {
			isa = XCBuildConfiguration;
			buildSettings = {
				ALWAYS_EMBED_SWIFT_STANDARD_LIBRARIES = YES;
				CODE_SIGN_STYLE = Automatic;
				INFOPLIST_FILE = CalculatorUITests/Info.plist;
				LD_RUNPATH_SEARCH_PATHS = "$(inherited) @executable_path/Frameworks @loader_path/Frameworks";
				PRODUCT_BUNDLE_IDENTIFIER = mctsai.CalculatorUITests;
				PRODUCT_NAME = "$(TARGET_NAME)";
				SWIFT_VERSION = 4.0;
				TARGETED_DEVICE_FAMILY = "1,2";
				TEST_TARGET_NAME = Calculator;
			};
			name = Release;
		};
/* End XCBuildConfiguration section */

/* Begin XCConfigurationList section */
		198464C91FA54B3E00CAA68C /* Build configuration list for PBXProject "Calculator" */ = {
			isa = XCConfigurationList;
			buildConfigurations = (
				198464F41FA54B3E00CAA68C /* Debug */,
				198464F51FA54B3E00CAA68C /* Release */,
			);
			defaultConfigurationIsVisible = 0;
			defaultConfigurationName = Release;
		};
		198464F61FA54B3E00CAA68C /* Build configuration list for PBXNativeTarget "Calculator" */ = {
			isa = XCConfigurationList;
			buildConfigurations = (
				198464F71FA54B3E00CAA68C /* Debug */,
				198464F81FA54B3E00CAA68C /* Release */,
			);
			defaultConfigurationIsVisible = 0;
			defaultConfigurationName = Release;
		};
		198464F91FA54B3E00CAA68C /* Build configuration list for PBXNativeTarget "CalculatorTests" */ = {
			isa = XCConfigurationList;
			buildConfigurations = (
				198464FA1FA54B3E00CAA68C /* Debug */,
				198464FB1FA54B3E00CAA68C /* Release */,
			);
			defaultConfigurationIsVisible = 0;
			defaultConfigurationName = Release;
		};
		198464FC1FA54B3E00CAA68C /* Build configuration list for PBXNativeTarget "CalculatorUITests" */ = {
			isa = XCConfigurationList;
			buildConfigurations = (
				198464FD1FA54B3E00CAA68C /* Debug */,
				198464FE1FA54B3E00CAA68C /* Release */,
			);
			defaultConfigurationIsVisible = 0;
			defaultConfigurationName = Release;
		};
/* End XCConfigurationList section */
	};
	rootObject = 198464C61FA54B3E00CAA68C /* Project object */;
}
